
Microsoft Visual Studio Solution File, Format Version 12.00
# Visual Studio Version 17
VisualStudioVersion = 17.11.35327.3
MinimumVisualStudioVersion = 10.0.40219.1
Project("{FAE04EC0-301F-11D3-BF4B-00C04F79EFBC}") = "CRUD Cinema", "CRUD Cinema\CRUD Cinema.csproj", "{EE372B8D-17C9-432A-B720-B68ADE0D4998}"
EndProject
Global
	GlobalSection(SolutionConfigurationPlatforms) = preSolution
		Debug|Any CPU = Debug|Any CPU
		Release|Any CPU = Release|Any CPU
	EndGlobalSection
	GlobalSection(ProjectConfigurationPlatforms) = postSolution
		{EE372B8D-17C9-432A-B720-B68ADE0D4998}.Debug|Any CPU.ActiveCfg = Debug|Any CPU
		{EE372B8D-17C9-432A-B720-B68ADE0D4998}.Debug|Any CPU.Build.0 = Debug|Any CPU
		{EE372B8D-17C9-432A-B720-B68ADE0D4998}.Release|Any CPU.ActiveCfg = Release|Any CPU
		{EE372B8D-17C9-432A-B720-B68ADE0D4998}.Release|Any CPU.Build.0 = Release|Any CPU
	EndGlobalSection
	GlobalSection(SolutionProperties) = preSolution
		HideSolutionNode = FALSE
	EndGlobalSection
	GlobalSection(ExtensibilityGlobals) = postSolution
		SolutionGuid = {80B03CE0-0998-40E8-B142-CE00E9D7A8A2}
	EndGlobalSection
EndGlobal
